
Microsoft Visual Studio Solution File, Format Version 12.00
# Visual Studio Express 2013 for Windows Desktop
VisualStudioVersion = 12.0.21005.1
MinimumVisualStudioVersion = 10.0.40219.1
Project("{FAE04EC0-301F-11D3-BF4B-00C04F79EFBC}") = "Behavior", "..\..\Hansoft-Jean-Behavior\Behavior.csproj", "{1834F078-2F41-483E-8007-530A0B934DF3}"
EndProject
Project("{FAE04EC0-301F-11D3-BF4B-00C04F79EFBC}") = "CopyBehavior", "..\..\Hansoft-Jean-CopyBehavior\CopyBehavior.csproj", "{238C40C3-D265-42B2-934E-878C20805D65}"
EndProject
Project("{FAE04EC0-301F-11D3-BF4B-00C04F79EFBC}") = "DeriveBehavior", "..\..\Hansoft-Jean-DeriveBehavior\DeriveBehavior.csproj", "{1CCE23BB-B71C-4B9C-AD4E-6E27056DA1D0}"
EndProject
Project("{FAE04EC0-301F-11D3-BF4B-00C04F79EFBC}") = "Jean", "..\..\Hansoft-Jean-Jean\Jean.csproj", "{2BD81266-345B-42EB-9A19-E5C263B73573}"
	ProjectSection(ProjectDependencies) = postProject
		{72FC126E-360E-4633-A6A3-996F74F1E7DD} = {72FC126E-360E-4633-A6A3-996F74F1E7DD}
		{F5596773-926F-4B04-BBB6-8793B080F3C3} = {F5596773-926F-4B04-BBB6-8793B080F3C3}
		{1CCE23BB-B71C-4B9C-AD4E-6E27056DA1D0} = {1CCE23BB-B71C-4B9C-AD4E-6E27056DA1D0}
		{238C40C3-D265-42B2-934E-878C20805D65} = {238C40C3-D265-42B2-934E-878C20805D65}
	EndProjectSection
EndProject
Project("{FAE04EC0-301F-11D3-BF4B-00C04F79EFBC}") = "TriggerBehavior", "..\..\Hansoft-Jean-TriggerBehavior\TriggerBehavior.csproj", "{F5596773-926F-4B04-BBB6-8793B080F3C3}"
EndProject
Project("{FAE04EC0-301F-11D3-BF4B-00C04F79EFBC}") = "ObjectWrapper", "..\..\Hansoft-ObjectWrapper\ObjectWrapper.csproj", "{C7143133-6FF7-4212-9EED-91B0BDE6BF5B}"
EndProject
Project("{FAE04EC0-301F-11D3-BF4B-00C04F79EFBC}") = "SimpleLogging", "..\..\Hansoft-SimpleLogging\SimpleLogging.csproj", "{1A62067E-BD06-47C4-85F8-F4106699838A}"
EndProject
Project("{FAE04EC0-301F-11D3-BF4B-00C04F79EFBC}") = "TCMExtension", "..\..\HansoftTCMExtension\TCMExtension.csproj", "{72FC126E-360E-4633-A6A3-996F74F1E7DD}"
EndProject
Global
	GlobalSection(SolutionConfigurationPlatforms) = preSolution
		Debug|Any CPU = Debug|Any CPU
		Debug|x86 = Debug|x86
		Release|Any CPU = Release|Any CPU
		Release|x86 = Release|x86
	EndGlobalSection
	GlobalSection(ProjectConfigurationPlatforms) = postSolution
		{1834F078-2F41-483E-8007-530A0B934DF3}.Debug|Any CPU.ActiveCfg = Debug|Any CPU
		{1834F078-2F41-483E-8007-530A0B934DF3}.Debug|Any CPU.Build.0 = Debug|Any CPU
		{1834F078-2F41-483E-8007-530A0B934DF3}.Debug|x86.ActiveCfg = Debug|x86
		{1834F078-2F41-483E-8007-530A0B934DF3}.Debug|x86.Build.0 = Debug|x86
		{1834F078-2F41-483E-8007-530A0B934DF3}.Release|Any CPU.ActiveCfg = Release|Any CPU
		{1834F078-2F41-483E-8007-530A0B934DF3}.Release|Any CPU.Build.0 = Release|Any CPU
		{1834F078-2F41-483E-8007-530A0B934DF3}.Release|x86.ActiveCfg = Release|x86
		{1834F078-2F41-483E-8007-530A0B934DF3}.Release|x86.Build.0 = Release|x86
		{238C40C3-D265-42B2-934E-878C20805D65}.Debug|Any CPU.ActiveCfg = Debug|Any CPU
		{238C40C3-D265-42B2-934E-878C20805D65}.Debug|Any CPU.Build.0 = Debug|Any CPU
		{238C40C3-D265-42B2-934E-878C20805D65}.Debug|x86.ActiveCfg = Debug|x86
		{238C40C3-D265-42B2-934E-878C20805D65}.Debug|x86.Build.0 = Debug|x86
		{238C40C3-D265-42B2-934E-878C20805D65}.Release|Any CPU.ActiveCfg = Release|Any CPU
		{238C40C3-D265-42B2-934E-878C20805D65}.Release|Any CPU.Build.0 = Release|Any CPU
		{238C40C3-D265-42B2-934E-878C20805D65}.Release|x86.ActiveCfg = Release|x86
		{238C40C3-D265-42B2-934E-878C20805D65}.Release|x86.Build.0 = Release|x86
		{1CCE23BB-B71C-4B9C-AD4E-6E27056DA1D0}.Debug|Any CPU.ActiveCfg = Debug|Any CPU
		{1CCE23BB-B71C-4B9C-AD4E-6E27056DA1D0}.Debug|Any CPU.Build.0 = Debug|Any CPU
		{1CCE23BB-B71C-4B9C-AD4E-6E27056DA1D0}.Debug|x86.ActiveCfg = Debug|x86
		{1CCE23BB-B71C-4B9C-AD4E-6E27056DA1D0}.Debug|x86.Build.0 = Debug|x86
		{1CCE23BB-B71C-4B9C-AD4E-6E27056DA1D0}.Release|Any CPU.ActiveCfg = Release|Any CPU
		{1CCE23BB-B71C-4B9C-AD4E-6E27056DA1D0}.Release|Any CPU.Build.0 = Release|Any CPU
		{1CCE23BB-B71C-4B9C-AD4E-6E27056DA1D0}.Release|x86.ActiveCfg = Release|x86
		{1CCE23BB-B71C-4B9C-AD4E-6E27056DA1D0}.Release|x86.Build.0 = Release|x86
		{2BD81266-345B-42EB-9A19-E5C263B73573}.Debug|Any CPU.ActiveCfg = Debug|Any CPU
		{2BD81266-345B-42EB-9A19-E5C263B73573}.Debug|Any CPU.Build.0 = Debug|Any CPU
		{2BD81266-345B-42EB-9A19-E5C263B73573}.Debug|x86.ActiveCfg = Debug|x86
		{2BD81266-345B-42EB-9A19-E5C263B73573}.Debug|x86.Build.0 = Debug|x86
		{2BD81266-345B-42EB-9A19-E5C263B73573}.Release|Any CPU.ActiveCfg = Release|Any CPU
		{2BD81266-345B-42EB-9A19-E5C263B73573}.Release|Any CPU.Build.0 = Release|Any CPU
		{2BD81266-345B-42EB-9A19-E5C263B73573}.Release|x86.ActiveCfg = Release|x86
		{2BD81266-345B-42EB-9A19-E5C263B73573}.Release|x86.Build.0 = Release|x86
		{F5596773-926F-4B04-BBB6-8793B080F3C3}.Debug|Any CPU.ActiveCfg = Debug|Any CPU
		{F5596773-926F-4B04-BBB6-8793B080F3C3}.Debug|Any CPU.Build.0 = Debug|Any CPU
		{F5596773-926F-4B04-BBB6-8793B080F3C3}.Debug|x86.ActiveCfg = Debug|x86
		{F5596773-926F-4B04-BBB6-8793B080F3C3}.Debug|x86.Build.0 = Debug|x86
		{F5596773-926F-4B04-BBB6-8793B080F3C3}.Release|Any CPU.ActiveCfg = Release|Any CPU
		{F5596773-926F-4B04-BBB6-8793B080F3C3}.Release|Any CPU.Build.0 = Release|Any CPU
		{F5596773-926F-4B04-BBB6-8793B080F3C3}.Release|x86.ActiveCfg = Release|x86
		{F5596773-926F-4B04-BBB6-8793B080F3C3}.Release|x86.Build.0 = Release|x86
		{C7143133-6FF7-4212-9EED-91B0BDE6BF5B}.Debug|Any CPU.ActiveCfg = Debug|Any CPU
		{C7143133-6FF7-4212-9EED-91B0BDE6BF5B}.Debug|Any CPU.Build.0 = Debug|Any CPU
		{C7143133-6FF7-4212-9EED-91B0BDE6BF5B}.Debug|x86.ActiveCfg = Debug|x86
		{C7143133-6FF7-4212-9EED-91B0BDE6BF5B}.Debug|x86.Build.0 = Debug|x86
		{C7143133-6FF7-4212-9EED-91B0BDE6BF5B}.Release|Any CPU.ActiveCfg = Release|Any CPU
		{C7143133-6FF7-4212-9EED-91B0BDE6BF5B}.Release|Any CPU.Build.0 = Release|Any CPU
		{C7143133-6FF7-4212-9EED-91B0BDE6BF5B}.Release|x86.ActiveCfg = Release|x86
		{C7143133-6FF7-4212-9EED-91B0BDE6BF5B}.Release|x86.Build.0 = Release|x86
		{1A62067E-BD06-47C4-85F8-F4106699838A}.Debug|Any CPU.ActiveCfg = Debug|Any CPU
		{1A62067E-BD06-47C4-85F8-F4106699838A}.Debug|Any CPU.Build.0 = Debug|Any CPU
		{1A62067E-BD06-47C4-85F8-F4106699838A}.Debug|x86.ActiveCfg = Debug|x86
		{1A62067E-BD06-47C4-85F8-F4106699838A}.Debug|x86.Build.0 = Debug|x86
		{1A62067E-BD06-47C4-85F8-F4106699838A}.Release|Any CPU.ActiveCfg = Release|Any CPU
		{1A62067E-BD06-47C4-85F8-F4106699838A}.Release|Any CPU.Build.0 = Release|Any CPU
		{1A62067E-BD06-47C4-85F8-F4106699838A}.Release|x86.ActiveCfg = Release|x86
		{1A62067E-BD06-47C4-85F8-F4106699838A}.Release|x86.Build.0 = Release|x86
		{72FC126E-360E-4633-A6A3-996F74F1E7DD}.Debug|Any CPU.ActiveCfg = Debug|Any CPU
		{72FC126E-360E-4633-A6A3-996F74F1E7DD}.Debug|Any CPU.Build.0 = Debug|Any CPU
		{72FC126E-360E-4633-A6A3-996F74F1E7DD}.Debug|x86.ActiveCfg = Debug|Any CPU
		{72FC126E-360E-4633-A6A3-996F74F1E7DD}.Release|Any CPU.ActiveCfg = Release|Any CPU
		{72FC126E-360E-4633-A6A3-996F74F1E7DD}.Release|Any CPU.Build.0 = Release|Any CPU
		{72FC126E-360E-4633-A6A3-996F74F1E7DD}.Release|x86.ActiveCfg = Release|Any CPU
	EndGlobalSection
	GlobalSection(SolutionProperties) = preSolution
		HideSolutionNode = FALSE
	EndGlobalSection
EndGlobal
